{
  "name": "LAhacks",
  "lockfileVersion": 3,
  "requires": true,
  "packages": {
    "": {
      "dependencies": {
        "@google/generative-ai": "^0.7.1"
      }
    },
    "node_modules/@google/generative-ai": {
      "version": "0.7.1",
      "resolved": "https://registry.npmjs.org/@google/generative-ai/-/generative-ai-0.7.1.tgz",
      "integrity": "sha512-WTjMLLYL/xfA5BW6xAycRPiAX7FNHKAxrid/ayqC1QMam0KAK0NbMeS9Lubw80gVg5xFMLE+H7pw4wdNzTOlxw==",
      "engines": {
        "node": ">=18.0.0"
      }
    }
  }
}
